// !$*UTF8*$!
{
	archiveVersion = 1;
	classes = {
	};
	objectVersion = 50;
	objects = {

/* Begin PBXBuildFile section */
		F0AB3304255AD54F007D7601 /* AppDelegate.swift in Sources */ = {isa = PBXBuildFile; fileRef = F0AB3303255AD54F007D7601 /* AppDelegate.swift */; };
		F0AB3306255AD54F007D7601 /* SceneDelegate.swift in Sources */ = {isa = PBXBuildFile; fileRef = F0AB3305255AD54F007D7601 /* SceneDelegate.swift */; };
		F0AB3308255AD54F007D7601 /* ViewController.swift in Sources */ = {isa = PBXBuildFile; fileRef = F0AB3307255AD54F007D7601 /* ViewController.swift */; };
		F0AB330B255AD54F007D7601 /* Main.storyboard in Resources */ = {isa = PBXBuildFile; fileRef = F0AB3309255AD54F007D7601 /* Main.storyboard */; };
		F0AB330D255AD551007D7601 /* Assets.xcassets in Resources */ = {isa = PBXBuildFile; fileRef = F0AB330C255AD551007D7601 /* Assets.xcassets */; };
		F0AB3310255AD551007D7601 /* LaunchScreen.storyboard in Resources */ = {isa = PBXBuildFile; fileRef = F0AB330E255AD551007D7601 /* LaunchScreen.storyboard */; };
		F0AB331B255AD551007D7601 /* GPA_CalculatorTests.swift in Sources */ = {isa = PBXBuildFile; fileRef = F0AB331A255AD551007D7601 /* GPA_CalculatorTests.swift */; };
		F0AB3326255AD551007D7601 /* GPA_CalculatorUITests.swift in Sources */ = {isa = PBXBuildFile; fileRef = F0AB3325255AD551007D7601 /* GPA_CalculatorUITests.swift */; };
		F0E4F618256101E3005E3108 /* customViewController.swift in Sources */ = {isa = PBXBuildFile; fileRef = F0E4F617256101E3005E3108 /* customViewController.swift */; };
		F0E4F61D2561105A005E3108 /* presets.swift in Sources */ = {isa = PBXBuildFile; fileRef = F0E4F61C2561105A005E3108 /* presets.swift */; };
/* End PBXBuildFile section */

/* Begin PBXContainerItemProxy section */
		F0AB3317255AD551007D7601 /* PBXContainerItemProxy */ = {
			isa = PBXContainerItemProxy;
			containerPortal = F0AB32F8255AD54F007D7601 /* Project object */;
			proxyType = 1;
			remoteGlobalIDString = F0AB32FF255AD54F007D7601;
			remoteInfo = "GPA Calculator";
		};
		F0AB3322255AD551007D7601 /* PBXContainerItemProxy */ = {
			isa = PBXContainerItemProxy;
			containerPortal = F0AB32F8255AD54F007D7601 /* Project object */;
			proxyType = 1;
			remoteGlobalIDString = F0AB32FF255AD54F007D7601;
			remoteInfo = "GPA Calculator";
		};
/* End PBXContainerItemProxy section */

/* Begin PBXFileReference section */
		F0AB3300255AD54F007D7601 /* GPA Calculator.app */ = {isa = PBXFileReference; explicitFileType = wrapper.application; includeInIndex = 0; path = "GPA Calculator.app"; sourceTree = BUILT_PRODUCTS_DIR; };
		F0AB3303255AD54F007D7601 /* AppDelegate.swift */ = {isa = PBXFileReference; lastKnownFileType = sourcecode.swift; path = AppDelegate.swift; sourceTree = "<group>"; };
		F0AB3305255AD54F007D7601 /* SceneDelegate.swift */ = {isa = PBXFileReference; lastKnownFileType = sourcecode.swift; path = SceneDelegate.swift; sourceTree = "<group>"; };
		F0AB3307255AD54F007D7601 /* ViewController.swift */ = {isa = PBXFileReference; lastKnownFileType = sourcecode.swift; path = ViewController.swift; sourceTree = "<group>"; };
		F0AB330A255AD54F007D7601 /* Base */ = {isa = PBXFileReference; lastKnownFileType = file.storyboard; name = Base; path = Base.lproj/Main.storyboard; sourceTree = "<group>"; };
		F0AB330C255AD551007D7601 /* Assets.xcassets */ = {isa = PBXFileReference; lastKnownFileType = folder.assetcatalog; path = Assets.xcassets; sourceTree = "<group>"; };
		F0AB330F255AD551007D7601 /* Base */ = {isa = PBXFileReference; lastKnownFileType = file.storyboard; name = Base; path = Base.lproj/LaunchScreen.storyboard; sourceTree = "<group>"; };
		F0AB3311255AD551007D7601 /* Info.plist */ = {isa = PBXFileReference; lastKnownFileType = text.plist.xml; path = Info.plist; sourceTree = "<group>"; };
		F0AB3316255AD551007D7601 /* GPA CalculatorTests.xctest */ = {isa = PBXFileReference; explicitFileType = wrapper.cfbundle; includeInIndex = 0; path = "GPA CalculatorTests.xctest"; sourceTree = BUILT_PRODUCTS_DIR; };
		F0AB331A255AD551007D7601 /* GPA_CalculatorTests.swift */ = {isa = PBXFileReference; lastKnownFileType = sourcecode.swift; path = GPA_CalculatorTests.swift; sourceTree = "<group>"; };
		F0AB331C255AD551007D7601 /* Info.plist */ = {isa = PBXFileReference; lastKnownFileType = text.plist.xml; path = Info.plist; sourceTree = "<group>"; };
		F0AB3321255AD551007D7601 /* GPA CalculatorUITests.xctest */ = {isa = PBXFileReference; explicitFileType = wrapper.cfbundle; includeInIndex = 0; path = "GPA CalculatorUITests.xctest"; sourceTree = BUILT_PRODUCTS_DIR; };
		F0AB3325255AD551007D7601 /* GPA_CalculatorUITests.swift */ = {isa = PBXFileReference; lastKnownFileType = sourcecode.swift; path = GPA_CalculatorUITests.swift; sourceTree = "<group>"; };
		F0AB3327255AD551007D7601 /* Info.plist */ = {isa = PBXFileReference; lastKnownFileType = text.plist.xml; path = Info.plist; sourceTree = "<group>"; };
		F0E4F6132560E9CA005E3108 /* GPA Calculator.entitlements */ = {isa = PBXFileReference; lastKnownFileType = text.plist.entitlements; path = "GPA Calculator.entitlements"; sourceTree = "<group>"; };
		F0E4F617256101E3005E3108 /* customViewController.swift */ = {isa = PBXFileReference; lastKnownFileType = sourcecode.swift; path = customViewController.swift; sourceTree = "<group>"; };
		F0E4F61C2561105A005E3108 /* presets.swift */ = {isa = PBXFileReference; lastKnownFileType = sourcecode.swift; path = presets.swift; sourceTree = "<group>"; };
/* End PBXFileReference section */

/* Begin PBXFrameworksBuildPhase section */
		F0AB32FD255AD54F007D7601 /* Frameworks */ = {
			isa = PBXFrameworksBuildPhase;
			buildActionMask = 2147483647;
			files = (
			);
			runOnlyForDeploymentPostprocessing = 0;
		};
		F0AB3313255AD551007D7601 /* Frameworks */ = {
			isa = PBXFrameworksBuildPhase;
			buildActionMask = 2147483647;
			files = (
			);
			runOnlyForDeploymentPostprocessing = 0;
		};
		F0AB331E255AD551007D7601 /* Frameworks */ = {
			isa = PBXFrameworksBuildPhase;
			buildActionMask = 2147483647;
			files = (
			);
			runOnlyForDeploymentPostprocessing = 0;
		};
/* End PBXFrameworksBuildPhase section */

/* Begin PBXGroup section */
		F0AB32F7255AD54F007D7601 = {
			isa = PBXGroup;
			children = (
				F0AB3302255AD54F007D7601 /* GPA Calculator */,
				F0AB3319255AD551007D7601 /* GPA CalculatorTests */,
				F0AB3324255AD551007D7601 /* GPA CalculatorUITests */,
				F0AB3301255AD54F007D7601 /* Products */,
			);
			sourceTree = "<group>";
		};
		F0AB3301255AD54F007D7601 /* Products */ = {
			isa = PBXGroup;
			children = (
				F0AB3300255AD54F007D7601 /* GPA Calculator.app */,
				F0AB3316255AD551007D7601 /* GPA CalculatorTests.xctest */,
				F0AB3321255AD551007D7601 /* GPA CalculatorUITests.xctest */,
			);
			name = Products;
			sourceTree = "<group>";
		};
		F0AB3302255AD54F007D7601 /* GPA Calculator */ = {
			isa = PBXGroup;
			children = (
				F0E4F6132560E9CA005E3108 /* GPA Calculator.entitlements */,
				F0AB3303255AD54F007D7601 /* AppDelegate.swift */,
				F0AB3305255AD54F007D7601 /* SceneDelegate.swift */,
				F0AB3307255AD54F007D7601 /* ViewController.swift */,
				F0AB3309255AD54F007D7601 /* Main.storyboard */,
				F0E4F61C2561105A005E3108 /* presets.swift */,
				F0E4F617256101E3005E3108 /* customViewController.swift */,
				F0AB330C255AD551007D7601 /* Assets.xcassets */,
				F0AB330E255AD551007D7601 /* LaunchScreen.storyboard */,
				F0AB3311255AD551007D7601 /* Info.plist */,
			);
			path = "GPA Calculator";
			sourceTree = "<group>";
		};
		F0AB3319255AD551007D7601 /* GPA CalculatorTests */ = {
			isa = PBXGroup;
			children = (
				F0AB331A255AD551007D7601 /* GPA_CalculatorTests.swift */,
				F0AB331C255AD551007D7601 /* Info.plist */,
			);
			path = "GPA CalculatorTests";
			sourceTree = "<group>";
		};
		F0AB3324255AD551007D7601 /* GPA CalculatorUITests */ = {
			isa = PBXGroup;
			children = (
				F0AB3325255AD551007D7601 /* GPA_CalculatorUITests.swift */,
				F0AB3327255AD551007D7601 /* Info.plist */,
			);
			path = "GPA CalculatorUITests";
			sourceTree = "<group>";
		};
/* End PBXGroup section */

/* Begin PBXNativeTarget section */
		F0AB32FF255AD54F007D7601 /* GPA Calculator */ = {
			isa = PBXNativeTarget;
			buildConfigurationList = F0AB332A255AD551007D7601 /* Build configuration list for PBXNativeTarget "GPA Calculator" */;
			buildPhases = (
				F0AB32FC255AD54F007D7601 /* Sources */,
				F0AB32FD255AD54F007D7601 /* Frameworks */,
				F0AB32FE255AD54F007D7601 /* Resources */,
			);
			buildRules = (
			);
			dependencies = (
			);
			name = "GPA Calculator";
			productName = "GPA Calculator";
			productReference = F0AB3300255AD54F007D7601 /* GPA Calculator.app */;
			productType = "com.apple.product-type.application";
		};
		F0AB3315255AD551007D7601 /* GPA CalculatorTests */ = {
			isa = PBXNativeTarget;
			buildConfigurationList = F0AB332D255AD551007D7601 /* Build configuration list for PBXNativeTarget "GPA CalculatorTests" */;
			buildPhases = (
				F0AB3312255AD551007D7601 /* Sources */,
				F0AB3313255AD551007D7601 /* Frameworks */,
				F0AB3314255AD551007D7601 /* Resources */,
			);
			buildRules = (
			);
			dependencies = (
				F0AB3318255AD551007D7601 /* PBXTargetDependency */,
			);
			name = "GPA CalculatorTests";
			productName = "GPA CalculatorTests";
			productReference = F0AB3316255AD551007D7601 /* GPA CalculatorTests.xctest */;
			productType = "com.apple.product-type.bundle.unit-test";
		};
		F0AB3320255AD551007D7601 /* GPA CalculatorUITests */ = {
			isa = PBXNativeTarget;
			buildConfigurationList = F0AB3330255AD551007D7601 /* Build configuration list for PBXNativeTarget "GPA CalculatorUITests" */;
			buildPhases = (
				F0AB331D255AD551007D7601 /* Sources */,
				F0AB331E255AD551007D7601 /* Frameworks */,
				F0AB331F255AD551007D7601 /* Resources */,
			);
			buildRules = (
			);
			dependencies = (
				F0AB3323255AD551007D7601 /* PBXTargetDependency */,
			);
			name = "GPA CalculatorUITests";
			productName = "GPA CalculatorUITests";
			productReference = F0AB3321255AD551007D7601 /* GPA CalculatorUITests.xctest */;
			productType = "com.apple.product-type.bundle.ui-testing";
		};
/* End PBXNativeTarget section */

/* Begin PBXProject section */
		F0AB32F8255AD54F007D7601 /* Project object */ = {
			isa = PBXProject;
			attributes = {
				LastSwiftUpdateCheck = 1210;
				LastUpgradeCheck = 1210;
				TargetAttributes = {
					F0AB32FF255AD54F007D7601 = {
						CreatedOnToolsVersion = 12.1;
					};
					F0AB3315255AD551007D7601 = {
						CreatedOnToolsVersion = 12.1;
						TestTargetID = F0AB32FF255AD54F007D7601;
					};
					F0AB3320255AD551007D7601 = {
						CreatedOnToolsVersion = 12.1;
						TestTargetID = F0AB32FF255AD54F007D7601;
					};
				};
			};
			buildConfigurationList = F0AB32FB255AD54F007D7601 /* Build configuration list for PBXProject "GPA Calculator" */;
			compatibilityVersion = "Xcode 9.3";
			developmentRegion = en;
			hasScannedForEncodings = 0;
			knownRegions = (
				en,
				Base,
			);
			mainGroup = F0AB32F7255AD54F007D7601;
			productRefGroup = F0AB3301255AD54F007D7601 /* Products */;
			projectDirPath = "";
			projectRoot = "";
			targets = (
				F0AB32FF255AD54F007D7601 /* GPA Calculator */,
				F0AB3315255AD551007D7601 /* GPA CalculatorTests */,
				F0AB3320255AD551007D7601 /* GPA CalculatorUITests */,
			);
		};
/* End PBXProject section */

/* Begin PBXResourcesBuildPhase section */
		F0AB32FE255AD54F007D7601 /* Resources */ = {
			isa = PBXResourcesBuildPhase;
			buildActionMask = 2147483647;
			files = (
				F0AB3310255AD551007D7601 /* LaunchScreen.storyboard in Resources */,
				F0AB330D255AD551007D7601 /* Assets.xcassets in Resources */,
				F0AB330B255AD54F007D7601 /* Main.storyboard in Resources */,
			);
			runOnlyForDeploymentPostprocessing = 0;
		};
		F0AB3314255AD551007D7601 /* Resources */ = {
			isa = PBXResourcesBuildPhase;
			buildActionMask = 2147483647;
			files = (
			);
			runOnlyForDeploymentPostprocessing = 0;
		};
		F0AB331F255AD551007D7601 /* Resources */ = {
			isa = PBXResourcesBuildPhase;
			buildActionMask = 2147483647;
			files = (
			);
			runOnlyForDeploymentPostprocessing = 0;
		};
/* End PBXResourcesBuildPhase section */

/* Begin PBXSourcesBuildPhase section */
		F0AB32FC255AD54F007D7601 /* Sources */ = {
			isa = PBXSourcesBuildPhase;
			buildActionMask = 2147483647;
			files = (
				F0E4F61D2561105A005E3108 /* presets.swift in Sources */,
				F0AB3308255AD54F007D7601 /* ViewController.swift in Sources */,
				F0AB3304255AD54F007D7601 /* AppDelegate.swift in Sources */,
				F0AB3306255AD54F007D7601 /* SceneDelegate.swift in Sources */,
				F0E4F618256101E3005E3108 /* customViewController.swift in Sources */,
			);
			runOnlyForDeploymentPostprocessing = 0;
		};
		F0AB3312255AD551007D7601 /* Sources */ = {
			isa = PBXSourcesBuildPhase;
			buildActionMask = 2147483647;
			files = (
				F0AB331B255AD551007D7601 /* GPA_CalculatorTests.swift in Sources */,
			);
			runOnlyForDeploymentPostprocessing = 0;
		};
		F0AB331D255AD551007D7601 /* Sources */ = {
			isa = PBXSourcesBuildPhase;
			buildActionMask = 2147483647;
			files = (
				F0AB3326255AD551007D7601 /* GPA_CalculatorUITests.swift in Sources */,
			);
			runOnlyForDeploymentPostprocessing = 0;
		};
/* End PBXSourcesBuildPhase section */

/* Begin PBXTargetDependency section */
		F0AB3318255AD551007D7601 /* PBXTargetDependency */ = {
			isa = PBXTargetDependency;
			target = F0AB32FF255AD54F007D7601 /* GPA Calculator */;
			targetProxy = F0AB3317255AD551007D7601 /* PBXContainerItemProxy */;
		};
		F0AB3323255AD551007D7601 /* PBXTargetDependency */ = {
			isa = PBXTargetDependency;
			target = F0AB32FF255AD54F007D7601 /* GPA Calculator */;
			targetProxy = F0AB3322255AD551007D7601 /* PBXContainerItemProxy */;
		};
/* End PBXTargetDependency section */

/* Begin PBXVariantGroup section */
		F0AB3309255AD54F007D7601 /* Main.storyboard */ = {
			isa = PBXVariantGroup;
			children = (
				F0AB330A255AD54F007D7601 /* Base */,
			);
			name = Main.storyboard;
			sourceTree = "<group>";
		};
		F0AB330E255AD551007D7601 /* LaunchScreen.storyboard */ = {
			isa = PBXVariantGroup;
			children = (
				F0AB330F255AD551007D7601 /* Base */,
			);
			name = LaunchScreen.storyboard;
			sourceTree = "<group>";
		};
/* End PBXVariantGroup section */

/* Begin XCBuildConfiguration section */
		F0AB3328255AD551007D7601 /* Debug */ = {
			isa = XCBuildConfiguration;
			buildSettings = {
				ALWAYS_SEARCH_USER_PATHS = NO;
				CLANG_ANALYZER_NONNULL = YES;
				CLANG_ANALYZER_NUMBER_OBJECT_CONVERSION = YES_AGGRESSIVE;
				CLANG_CXX_LANGUAGE_STANDARD = "gnu++14";
				CLANG_CXX_LIBRARY = "libc++";
				CLANG_ENABLE_MODULES = YES;
				CLANG_ENABLE_OBJC_ARC = YES;
				CLANG_ENABLE_OBJC_WEAK = YES;
				CLANG_WARN_BLOCK_CAPTURE_AUTORELEASING = YES;
				CLANG_WARN_BOOL_CONVERSION = YES;
				CLANG_WARN_COMMA = YES;
				CLANG_WARN_CONSTANT_CONVERSION = YES;
				CLANG_WARN_DEPRECATED_OBJC_IMPLEMENTATIONS = YES;
				CLANG_WARN_DIRECT_OBJC_ISA_USAGE = YES_ERROR;
				CLANG_WARN_DOCUMENTATION_COMMENTS = YES;
				CLANG_WARN_EMPTY_BODY = YES;
				CLANG_WARN_ENUM_CONVERSION = YES;
				CLANG_WARN_INFINITE_RECURSION = YES;
				CLANG_WARN_INT_CONVERSION = YES;
				CLANG_WARN_NON_LITERAL_NULL_CONVERSION = YES;
				CLANG_WARN_OBJC_IMPLICIT_RETAIN_SELF = YES;
				CLANG_WARN_OBJC_LITERAL_CONVERSION = YES;
				CLANG_WARN_OBJC_ROOT_CLASS = YES_ERROR;
				CLANG_WARN_QUOTED_INCLUDE_IN_FRAMEWORK_HEADER = YES;
				CLANG_WARN_RANGE_LOOP_ANALYSIS = YES;
				CLANG_WARN_STRICT_PROTOTYPES = YES;
				CLANG_WARN_SUSPICIOUS_MOVE = YES;
				CLANG_WARN_UNGUARDED_AVAILABILITY = YES_AGGRESSIVE;
				CLANG_WARN_UNREACHABLE_CODE = YES;
				CLANG_WARN__DUPLICATE_METHOD_MATCH = YES;
				COPY_PHASE_STRIP = NO;
				DEBUG_INFORMATION_FORMAT = dwarf;
				ENABLE_STRICT_OBJC_MSGSEND = YES;
				ENABLE_TESTABILITY = YES;
				GCC_C_LANGUAGE_STANDARD = gnu11;
				GCC_DYNAMIC_NO_PIC = NO;
				GCC_NO_COMMON_BLOCKS = YES;
				GCC_OPTIMIZATION_LEVEL = 0;
				GCC_PREPROCESSOR_DEFINITIONS = (
					"DEBUG=1",
					"$(inherited)",
				);
				GCC_WARN_64_TO_32_BIT_CONVERSION = YES;
				GCC_WARN_ABOUT_RETURN_TYPE = YES_ERROR;
				GCC_WARN_UNDECLARED_SELECTOR = YES;
				GCC_WARN_UNINITIALIZED_AUTOS = YES_AGGRESSIVE;
				GCC_WARN_UNUSED_FUNCTION = YES;
				GCC_WARN_UNUSED_VARIABLE = YES;
				IPHONEOS_DEPLOYMENT_TARGET = 14.1;
				MTL_ENABLE_DEBUG_INFO = INCLUDE_SOURCE;
				MTL_FAST_MATH = YES;
				ONLY_ACTIVE_ARCH = YES;
				SDKROOT = iphoneos;
				SWIFT_ACTIVE_COMPILATION_CONDITIONS = DEBUG;
				SWIFT_OPTIMIZATION_LEVEL = "-Onone";
			};
			name = Debug;
		};
		F0AB3329255AD551007D7601 /* Release */ = {
			isa = XCBuildConfiguration;
			buildSettings = {
				ALWAYS_SEARCH_USER_PATHS = NO;
				CLANG_ANALYZER_NONNULL = YES;
				CLANG_ANALYZER_NUMBER_OBJECT_CONVERSION = YES_AGGRESSIVE;
				CLANG_CXX_LANGUAGE_STANDARD = "gnu++14";
				CLANG_CXX_LIBRARY = "libc++";
				CLANG_ENABLE_MODULES = YES;
				CLANG_ENABLE_OBJC_ARC = YES;
				CLANG_ENABLE_OBJC_WEAK = YES;
				CLANG_WARN_BLOCK_CAPTURE_AUTORELEASING = YES;
				CLANG_WARN_BOOL_CONVERSION = YES;
				CLANG_WARN_COMMA = YES;
				CLANG_WARN_CONSTANT_CONVERSION = YES;
				CLANG_WARN_DEPRECATED_OBJC_IMPLEMENTATIONS = YES;
				CLANG_WARN_DIRECT_OBJC_ISA_USAGE = YES_ERROR;
				CLANG_WARN_DOCUMENTATION_COMMENTS = YES;
				CLANG_WARN_EMPTY_BODY = YES;
				CLANG_WARN_ENUM_CONVERSION = YES;
				CLANG_WARN_INFINITE_RECURSION = YES;
				CLANG_WARN_INT_CONVERSION = YES;
				CLANG_WARN_NON_LITERAL_NULL_CONVERSION = YES;
				CLANG_WARN_OBJC_IMPLICIT_RETAIN_SELF = YES;
				CLANG_WARN_OBJC_LITERAL_CONVERSION = YES;
				CLANG_WARN_OBJC_ROOT_CLASS = YES_ERROR;
				CLANG_WARN_QUOTED_INCLUDE_IN_FRAMEWORK_HEADER = YES;
				CLANG_WARN_RANGE_LOOP_ANALYSIS = YES;
				CLANG_WARN_STRICT_PROTOTYPES = YES;
				CLANG_WARN_SUSPICIOUS_MOVE = YES;
				CLANG_WARN_UNGUARDED_AVAILABILITY = YES_AGGRESSIVE;
				CLANG_WARN_UNREACHABLE_CODE = YES;
				CLANG_WARN__DUPLICATE_METHOD_MATCH = YES;
				COPY_PHASE_STRIP = NO;
				DEBUG_INFORMATION_FORMAT = "dwarf-with-dsym";
				ENABLE_NS_ASSERTIONS = NO;
				ENABLE_STRICT_OBJC_MSGSEND = YES;
				GCC_C_LANGUAGE_STANDARD = gnu11;
				GCC_NO_COMMON_BLOCKS = YES;
				GCC_WARN_64_TO_32_BIT_CONVERSION = YES;
				GCC_WARN_ABOUT_RETURN_TYPE = YES_ERROR;
				GCC_WARN_UNDECLARED_SELECTOR = YES;
				GCC_WARN_UNINITIALIZED_AUTOS = YES_AGGRESSIVE;
				GCC_WARN_UNUSED_FUNCTION = YES;
				GCC_WARN_UNUSED_VARIABLE = YES;
				IPHONEOS_DEPLOYMENT_TARGET = 14.1;
				MTL_ENABLE_DEBUG_INFO = NO;
				MTL_FAST_MATH = YES;
				SDKROOT = iphoneos;
				SWIFT_COMPILATION_MODE = wholemodule;
				SWIFT_OPTIMIZATION_LEVEL = "-O";
				VALIDATE_PRODUCT = YES;
			};
			name = Release;
		};
		F0AB332B255AD551007D7601 /* Debug */ = {
			isa = XCBuildConfiguration;
			buildSettings = {
				ASSETCATALOG_COMPILER_APPICON_NAME = MacIcon;
				ASSETCATALOG_COMPILER_GLOBAL_ACCENT_COLOR_NAME = AccentColor;
				CODE_SIGN_ENTITLEMENTS = "GPA Calculator/GPA Calculator.entitlements";
				CODE_SIGN_IDENTITY = "Apple Development";
				CODE_SIGN_STYLE = Automatic;
				CURRENT_PROJECT_VERSION = 5;
				DEVELOPMENT_TEAM = 9K2XM38XLK;
				INFOPLIST_FILE = "GPA Calculator/Info.plist";
				IPHONEOS_DEPLOYMENT_TARGET = 13.0;
				LD_RUNPATH_SEARCH_PATHS = (
					"$(inherited)",
					"@executable_path/Frameworks",
				);
				MARKETING_VERSION = 1.1.5;
				PRODUCT_BUNDLE_IDENTIFIER = com.michelguo.gpacalc;
				PRODUCT_NAME = "$(TARGET_NAME)";
				PROVISIONING_PROFILE_SPECIFIER = "";
				SUPPORTS_MACCATALYST = YES;
				SWIFT_VERSION = 5.0;
				TARGETED_DEVICE_FAMILY = "1,2";
			};
			name = Debug;
		};
		F0AB332C255AD551007D7601 /* Release */ = {
			isa = XCBuildConfiguration;
			buildSettings = {
				ASSETCATALOG_COMPILER_APPICON_NAME = MacIcon;
				ASSETCATALOG_COMPILER_GLOBAL_ACCENT_COLOR_NAME = AccentColor;
				CODE_SIGN_ENTITLEMENTS = "GPA Calculator/GPA Calculator.entitlements";
				CODE_SIGN_IDENTITY = "Apple Development";
				CODE_SIGN_STYLE = Automatic;
				CURRENT_PROJECT_VERSION = 5;
				DEVELOPMENT_TEAM = 9K2XM38XLK;
				INFOPLIST_FILE = "GPA Calculator/Info.plist";
				IPHONEOS_DEPLOYMENT_TARGET = 13.0;
				LD_RUNPATH_SEARCH_PATHS = (
					"$(inherited)",
					"@executable_path/Frameworks",
				);
				MARKETING_VERSION = 1.1.5;
				PRODUCT_BUNDLE_IDENTIFIER = com.michelguo.gpacalc;
				PRODUCT_NAME = "$(TARGET_NAME)";
				PROVISIONING_PROFILE_SPECIFIER = "";
				SUPPORTS_MACCATALYST = YES;
				SWIFT_VERSION = 5.0;
				TARGETED_DEVICE_FAMILY = "1,2";
			};
			name = Release;
		};
		F0AB332E255AD551007D7601 /* Debug */ = {
			isa = XCBuildConfiguration;
			buildSettings = {
				ALWAYS_EMBED_SWIFT_STANDARD_LIBRARIES = YES;
				BUNDLE_LOADER = "$(TEST_HOST)";
				CODE_SIGN_STYLE = Automatic;
				DEVELOPMENT_TEAM = 9K2XM38XLK;
				INFOPLIST_FILE = "GPA CalculatorTests/Info.plist";
				IPHONEOS_DEPLOYMENT_TARGET = 14.1;
				LD_RUNPATH_SEARCH_PATHS = (
					"$(inherited)",
					"@executable_path/Frameworks",
					"@loader_path/Frameworks",
				);
				PRODUCT_BUNDLE_IDENTIFIER = "com.legitmichel777.GPA-CalculatorTests";
				PRODUCT_NAME = "$(TARGET_NAME)";
				SWIFT_VERSION = 5.0;
				TARGETED_DEVICE_FAMILY = "1,2";
				TEST_HOST = "$(BUILT_PRODUCTS_DIR)/GPA Calculator.app/GPA Calculator";
			};
			name = Debug;
		};
		F0AB332F255AD551007D7601 /* Release */ = {
			isa = XCBuildConfiguration;
			buildSettings = {
				ALWAYS_EMBED_SWIFT_STANDARD_LIBRARIES = YES;
				BUNDLE_LOADER = "$(TEST_HOST)";
				CODE_SIGN_STYLE = Automatic;
				DEVELOPMENT_TEAM = 9K2XM38XLK;
				INFOPLIST_FILE = "GPA CalculatorTests/Info.plist";
				IPHONEOS_DEPLOYMENT_TARGET = 14.1;
				LD_RUNPATH_SEARCH_PATHS = (
					"$(inherited)",
					"@executable_path/Frameworks",
					"@loader_path/Frameworks",
				);
				PRODUCT_BUNDLE_IDENTIFIER = "com.legitmichel777.GPA-CalculatorTests";
				PRODUCT_NAME = "$(TARGET_NAME)";
				SWIFT_VERSION = 5.0;
				TARGETED_DEVICE_FAMILY = "1,2";
				TEST_HOST = "$(BUILT_PRODUCTS_DIR)/GPA Calculator.app/GPA Calculator";
			};
			name = Release;
		};
		F0AB3331255AD551007D7601 /* Debug */ = {
			isa = XCBuildConfiguration;
			buildSettings = {
				ALWAYS_EMBED_SWIFT_STANDARD_LIBRARIES = YES;
				CODE_SIGN_STYLE = Automatic;
				DEVELOPMENT_TEAM = 9K2XM38XLK;
				INFOPLIST_FILE = "GPA CalculatorUITests/Info.plist";
				LD_RUNPATH_SEARCH_PATHS = (
					"$(inherited)",
					"@executable_path/Frameworks",
					"@loader_path/Frameworks",
				);
				PRODUCT_BUNDLE_IDENTIFIER = "com.legitmichel777.GPA-CalculatorUITests";
				PRODUCT_NAME = "$(TARGET_NAME)";
				SWIFT_VERSION = 5.0;
				TARGETED_DEVICE_FAMILY = "1,2";
				TEST_TARGET_NAME = "GPA Calculator";
			};
			name = Debug;
		};
		F0AB3332255AD551007D7601 /* Release */ = {
			isa = XCBuildConfiguration;
			buildSettings = {
				ALWAYS_EMBED_SWIFT_STANDARD_LIBRARIES = YES;
				CODE_SIGN_STYLE = Automatic;
				DEVELOPMENT_TEAM = 9K2XM38XLK;
				INFOPLIST_FILE = "GPA CalculatorUITests/Info.plist";
				LD_RUNPATH_SEARCH_PATHS = (
					"$(inherited)",
					"@executable_path/Frameworks",
					"@loader_path/Frameworks",
				);
				PRODUCT_BUNDLE_IDENTIFIER = "com.legitmichel777.GPA-CalculatorUITests";
				PRODUCT_NAME = "$(TARGET_NAME)";
				SWIFT_VERSION = 5.0;
				TARGETED_DEVICE_FAMILY = "1,2";
				TEST_TARGET_NAME = "GPA Calculator";
			};
			name = Release;
		};
/* End XCBuildConfiguration section */

/* Begin XCConfigurationList section */
		F0AB32FB255AD54F007D7601 /* Build configuration list for PBXProject "GPA Calculator" */ = {
			isa = XCConfigurationList;
			buildConfigurations = (
				F0AB3328255AD551007D7601 /* Debug */,
				F0AB3329255AD551007D7601 /* Release */,
			);
			defaultConfigurationIsVisible = 0;
			defaultConfigurationName = Release;
		};
		F0AB332A255AD551007D7601 /* Build configuration list for PBXNativeTarget "GPA Calculator" */ = {
			isa = XCConfigurationList;
			buildConfigurations = (
				F0AB332B255AD551007D7601 /* Debug */,
				F0AB332C255AD551007D7601 /* Release */,
			);
			defaultConfigurationIsVisible = 0;
			defaultConfigurationName = Release;
		};
		F0AB332D255AD551007D7601 /* Build configuration list for PBXNativeTarget "GPA CalculatorTests" */ = {
			isa = XCConfigurationList;
			buildConfigurations = (
				F0AB332E255AD551007D7601 /* Debug */,
				F0AB332F255AD551007D7601 /* Release */,
			);
			defaultConfigurationIsVisible = 0;
			defaultConfigurationName = Release;
		};
		F0AB3330255AD551007D7601 /* Build configuration list for PBXNativeTarget "GPA CalculatorUITests" */ = {
			isa = XCConfigurationList;
			buildConfigurations = (
				F0AB3331255AD551007D7601 /* Debug */,
				F0AB3332255AD551007D7601 /* Release */,
			);
			defaultConfigurationIsVisible = 0;
			defaultConfigurationName = Release;
		};
/* End XCConfigurationList section */
	};
	rootObject = F0AB32F8255AD54F007D7601 /* Project object */;
}
